// !$*UTF8*$!
{
	archiveVersion = 1;
	classes = {
	};
	objectVersion = 56;
	objects = {

/* Begin PBXBuildFile section */
		33A2663E2A0D542E00E2F603 /* UNNotificationCenter.swift in Sources */ = {isa = PBXBuildFile; fileRef = 33A2663D2A0D542E00E2F603 /* UNNotificationCenter.swift */; };
		33BE14D62A0AF8720079AB33 /* AppDelegate.swift in Sources */ = {isa = PBXBuildFile; fileRef = 33BE14D52A0AF8720079AB33 /* AppDelegate.swift */; };
		33BE14D82A0AF8720079AB33 /* SceneDelegate.swift in Sources */ = {isa = PBXBuildFile; fileRef = 33BE14D72A0AF8720079AB33 /* SceneDelegate.swift */; };
		33BE14DD2A0AF8720079AB33 /* Main.storyboard in Resources */ = {isa = PBXBuildFile; fileRef = 33BE14DB2A0AF8720079AB33 /* Main.storyboard */; };
		33BE14DF2A0AF8730079AB33 /* Assets.xcassets in Resources */ = {isa = PBXBuildFile; fileRef = 33BE14DE2A0AF8730079AB33 /* Assets.xcassets */; };
		33BE14E22A0AF8730079AB33 /* LaunchScreen.storyboard in Resources */ = {isa = PBXBuildFile; fileRef = 33BE14E02A0AF8730079AB33 /* LaunchScreen.storyboard */; };
		33BE14EA2A0AF8C90079AB33 /* AlertListVC.swift in Sources */ = {isa = PBXBuildFile; fileRef = 33BE14E92A0AF8C90079AB33 /* AlertListVC.swift */; };
		33BE14ED2A0AFBD00079AB33 /* AlertListCell.swift in Sources */ = {isa = PBXBuildFile; fileRef = 33BE14EB2A0AFBD00079AB33 /* AlertListCell.swift */; };
		33BE14EE2A0AFBD00079AB33 /* AlertListCell.xib in Resources */ = {isa = PBXBuildFile; fileRef = 33BE14EC2A0AFBD00079AB33 /* AlertListCell.xib */; };
		33BE14F02A0B1F720079AB33 /* Alert.swift in Sources */ = {isa = PBXBuildFile; fileRef = 33BE14EF2A0B1F720079AB33 /* Alert.swift */; };
		33BE14F22A0C13760079AB33 /* AddAlertVC.swift in Sources */ = {isa = PBXBuildFile; fileRef = 33BE14F12A0C13760079AB33 /* AddAlertVC.swift */; };
/* End PBXBuildFile section */

/* Begin PBXFileReference section */
		33A2663D2A0D542E00E2F603 /* UNNotificationCenter.swift */ = {isa = PBXFileReference; lastKnownFileType = sourcecode.swift; path = UNNotificationCenter.swift; sourceTree = "<group>"; };
		33BE14D22A0AF8720079AB33 /* Alarm.app */ = {isa = PBXFileReference; explicitFileType = wrapper.application; includeInIndex = 0; path = Alarm.app; sourceTree = BUILT_PRODUCTS_DIR; };
		33BE14D52A0AF8720079AB33 /* AppDelegate.swift */ = {isa = PBXFileReference; lastKnownFileType = sourcecode.swift; path = AppDelegate.swift; sourceTree = "<group>"; };
		33BE14D72A0AF8720079AB33 /* SceneDelegate.swift */ = {isa = PBXFileReference; lastKnownFileType = sourcecode.swift; path = SceneDelegate.swift; sourceTree = "<group>"; };
		33BE14DC2A0AF8720079AB33 /* Base */ = {isa = PBXFileReference; lastKnownFileType = file.storyboard; name = Base; path = Base.lproj/Main.storyboard; sourceTree = "<group>"; };
		33BE14DE2A0AF8730079AB33 /* Assets.xcassets */ = {isa = PBXFileReference; lastKnownFileType = folder.assetcatalog; path = Assets.xcassets; sourceTree = "<group>"; };
		33BE14E12A0AF8730079AB33 /* Base */ = {isa = PBXFileReference; lastKnownFileType = file.storyboard; name = Base; path = Base.lproj/LaunchScreen.storyboard; sourceTree = "<group>"; };
		33BE14E32A0AF8730079AB33 /* Info.plist */ = {isa = PBXFileReference; lastKnownFileType = text.plist.xml; path = Info.plist; sourceTree = "<group>"; };
		33BE14E92A0AF8C90079AB33 /* AlertListVC.swift */ = {isa = PBXFileReference; lastKnownFileType = sourcecode.swift; path = AlertListVC.swift; sourceTree = "<group>"; };
		33BE14EB2A0AFBD00079AB33 /* AlertListCell.swift */ = {isa = PBXFileReference; lastKnownFileType = sourcecode.swift; path = AlertListCell.swift; sourceTree = "<group>"; };
		33BE14EC2A0AFBD00079AB33 /* AlertListCell.xib */ = {isa = PBXFileReference; lastKnownFileType = file.xib; path = AlertListCell.xib; sourceTree = "<group>"; };
		33BE14EF2A0B1F720079AB33 /* Alert.swift */ = {isa = PBXFileReference; lastKnownFileType = sourcecode.swift; path = Alert.swift; sourceTree = "<group>"; };
		33BE14F12A0C13760079AB33 /* AddAlertVC.swift */ = {isa = PBXFileReference; lastKnownFileType = sourcecode.swift; path = AddAlertVC.swift; sourceTree = "<group>"; };
/* End PBXFileReference section */

/* Begin PBXFrameworksBuildPhase section */
		33BE14CF2A0AF8720079AB33 /* Frameworks */ = {
			isa = PBXFrameworksBuildPhase;
			buildActionMask = 2147483647;
			files = (
			);
			runOnlyForDeploymentPostprocessing = 0;
		};
/* End PBXFrameworksBuildPhase section */

/* Begin PBXGroup section */
		33BE14C92A0AF8720079AB33 = {
			isa = PBXGroup;
			children = (
				33BE14D42A0AF8720079AB33 /* Alarm */,
				33BE14D32A0AF8720079AB33 /* Products */,
			);
			sourceTree = "<group>";
		};
		33BE14D32A0AF8720079AB33 /* Products */ = {
			isa = PBXGroup;
			children = (
				33BE14D22A0AF8720079AB33 /* Alarm.app */,
			);
			name = Products;
			sourceTree = "<group>";
		};
		33BE14D42A0AF8720079AB33 /* Alarm */ = {
			isa = PBXGroup;
			children = (
				33BE14D52A0AF8720079AB33 /* AppDelegate.swift */,
				33BE14D72A0AF8720079AB33 /* SceneDelegate.swift */,
				33BE14E92A0AF8C90079AB33 /* AlertListVC.swift */,
				33A2663D2A0D542E00E2F603 /* UNNotificationCenter.swift */,
				33BE14F12A0C13760079AB33 /* AddAlertVC.swift */,
				33BE14EF2A0B1F720079AB33 /* Alert.swift */,
				33BE14DB2A0AF8720079AB33 /* Main.storyboard */,
				33BE14EB2A0AFBD00079AB33 /* AlertListCell.swift */,
				33BE14EC2A0AFBD00079AB33 /* AlertListCell.xib */,
				33BE14DE2A0AF8730079AB33 /* Assets.xcassets */,
				33BE14E02A0AF8730079AB33 /* LaunchScreen.storyboard */,
				33BE14E32A0AF8730079AB33 /* Info.plist */,
			);
			path = Alarm;
			sourceTree = "<group>";
		};
/* End PBXGroup section */

/* Begin PBXNativeTarget section */
		33BE14D12A0AF8720079AB33 /* Alarm */ = {
			isa = PBXNativeTarget;
			buildConfigurationList = 33BE14E62A0AF8730079AB33 /* Build configuration list for PBXNativeTarget "Alarm" */;
			buildPhases = (
				33BE14CE2A0AF8720079AB33 /* Sources */,
				33BE14CF2A0AF8720079AB33 /* Frameworks */,
				33BE14D02A0AF8720079AB33 /* Resources */,
			);
			buildRules = (
			);
			dependencies = (
			);
			name = Alarm;
			productName = Alarm;
			productReference = 33BE14D22A0AF8720079AB33 /* Alarm.app */;
			productType = "com.apple.product-type.application";
		};
/* End PBXNativeTarget section */

/* Begin PBXProject section */
		33BE14CA2A0AF8720079AB33 /* Project object */ = {
			isa = PBXProject;
			attributes = {
				BuildIndependentTargetsInParallel = 1;
				LastSwiftUpdateCheck = 1430;
				LastUpgradeCheck = 1430;
				TargetAttributes = {
					33BE14D12A0AF8720079AB33 = {
						CreatedOnToolsVersion = 14.3;
					};
				};
			};
			buildConfigurationList = 33BE14CD2A0AF8720079AB33 /* Build configuration list for PBXProject "Alarm" */;
			compatibilityVersion = "Xcode 14.0";
			developmentRegion = en;
			hasScannedForEncodings = 0;
			knownRegions = (
				en,
				Base,
			);
			mainGroup = 33BE14C92A0AF8720079AB33;
			productRefGroup = 33BE14D32A0AF8720079AB33 /* Products */;
			projectDirPath = "";
			projectRoot = "";
			targets = (
				33BE14D12A0AF8720079AB33 /* Alarm */,
			);
		};
/* End PBXProject section */

/* Begin PBXResourcesBuildPhase section */
		33BE14D02A0AF8720079AB33 /* Resources */ = {
			isa = PBXResourcesBuildPhase;
			buildActionMask = 2147483647;
			files = (
				33BE14E22A0AF8730079AB33 /* LaunchScreen.storyboard in Resources */,
				33BE14DF2A0AF8730079AB33 /* Assets.xcassets in Resources */,
				33BE14EE2A0AFBD00079AB33 /* AlertListCell.xib in Resources */,
				33BE14DD2A0AF8720079AB33 /* Main.storyboard in Resources */,
			);
			runOnlyForDeploymentPostprocessing = 0;
		};
/* End PBXResourcesBuildPhase section */

/* Begin PBXSourcesBuildPhase section */
		33BE14CE2A0AF8720079AB33 /* Sources */ = {
			isa = PBXSourcesBuildPhase;
			buildActionMask = 2147483647;
			files = (
				33BE14EA2A0AF8C90079AB33 /* AlertListVC.swift in Sources */,
				33BE14D62A0AF8720079AB33 /* AppDelegate.swift in Sources */,
				33BE14ED2A0AFBD00079AB33 /* AlertListCell.swift in Sources */,
				33BE14F02A0B1F720079AB33 /* Alert.swift in Sources */,
				33BE14D82A0AF8720079AB33 /* SceneDelegate.swift in Sources */,
				33A2663E2A0D542E00E2F603 /* UNNotificationCenter.swift in Sources */,
				33BE14F22A0C13760079AB33 /* AddAlertVC.swift in Sources */,
			);
			runOnlyForDeploymentPostprocessing = 0;
		};
/* End PBXSourcesBuildPhase section */

/* Begin PBXVariantGroup section */
		33BE14DB2A0AF8720079AB33 /* Main.storyboard */ = {
			isa = PBXVariantGroup;
			children = (
				33BE14DC2A0AF8720079AB33 /* Base */,
			);
			name = Main.storyboard;
			sourceTree = "<group>";
		};
		33BE14E02A0AF8730079AB33 /* LaunchScreen.storyboard */ = {
			isa = PBXVariantGroup;
			children = (
				33BE14E12A0AF8730079AB33 /* Base */,
			);
			name = LaunchScreen.storyboard;
			sourceTree = "<group>";
		};
/* End PBXVariantGroup section */

/* Begin XCBuildConfiguration section */
		33BE14E42A0AF8730079AB33 /* Debug */ = {
			isa = XCBuildConfiguration;
			buildSettings = {
				ALWAYS_SEARCH_USER_PATHS = NO;
				CLANG_ANALYZER_NONNULL = YES;
				CLANG_ANALYZER_NUMBER_OBJECT_CONVERSION = YES_AGGRESSIVE;
				CLANG_CXX_LANGUAGE_STANDARD = "gnu++20";
				CLANG_ENABLE_MODULES = YES;
				CLANG_ENABLE_OBJC_ARC = YES;
				CLANG_ENABLE_OBJC_WEAK = YES;
				CLANG_WARN_BLOCK_CAPTURE_AUTORELEASING = YES;
				CLANG_WARN_BOOL_CONVERSION = YES;
				CLANG_WARN_COMMA = YES;
				CLANG_WARN_CONSTANT_CONVERSION = YES;
				CLANG_WARN_DEPRECATED_OBJC_IMPLEMENTATIONS = YES;
				CLANG_WARN_DIRECT_OBJC_ISA_USAGE = YES_ERROR;
				CLANG_WARN_DOCUMENTATION_COMMENTS = YES;
				CLANG_WARN_EMPTY_BODY = YES;
				CLANG_WARN_ENUM_CONVERSION = YES;
				CLANG_WARN_INFINITE_RECURSION = YES;
				CLANG_WARN_INT_CONVERSION = YES;
				CLANG_WARN_NON_LITERAL_NULL_CONVERSION = YES;
				CLANG_WARN_OBJC_IMPLICIT_RETAIN_SELF = YES;
				CLANG_WARN_OBJC_LITERAL_CONVERSION = YES;
				CLANG_WARN_OBJC_ROOT_CLASS = YES_ERROR;
				CLANG_WARN_QUOTED_INCLUDE_IN_FRAMEWORK_HEADER = YES;
				CLANG_WARN_RANGE_LOOP_ANALYSIS = YES;
				CLANG_WARN_STRICT_PROTOTYPES = YES;
				CLANG_WARN_SUSPICIOUS_MOVE = YES;
				CLANG_WARN_UNGUARDED_AVAILABILITY = YES_AGGRESSIVE;
				CLANG_WARN_UNREACHABLE_CODE = YES;
				CLANG_WARN__DUPLICATE_METHOD_MATCH = YES;
				COPY_PHASE_STRIP = NO;
				DEBUG_INFORMATION_FORMAT = dwarf;
				ENABLE_STRICT_OBJC_MSGSEND = YES;
				ENABLE_TESTABILITY = YES;
				GCC_C_LANGUAGE_STANDARD = gnu11;
				GCC_DYNAMIC_NO_PIC = NO;
				GCC_NO_COMMON_BLOCKS = YES;
				GCC_OPTIMIZATION_LEVEL = 0;
				GCC_PREPROCESSOR_DEFINITIONS = (
					"DEBUG=1",
					"$(inherited)",
				);
				GCC_WARN_64_TO_32_BIT_CONVERSION = YES;
				GCC_WARN_ABOUT_RETURN_TYPE = YES_ERROR;
				GCC_WARN_UNDECLARED_SELECTOR = YES;
				GCC_WARN_UNINITIALIZED_AUTOS = YES_AGGRESSIVE;
				GCC_WARN_UNUSED_FUNCTION = YES;
				GCC_WARN_UNUSED_VARIABLE = YES;
				IPHONEOS_DEPLOYMENT_TARGET = 16.4;
				MTL_ENABLE_DEBUG_INFO = INCLUDE_SOURCE;
				MTL_FAST_MATH = YES;
				ONLY_ACTIVE_ARCH = YES;
				SDKROOT = iphoneos;
				SWIFT_ACTIVE_COMPILATION_CONDITIONS = DEBUG;
				SWIFT_OPTIMIZATION_LEVEL = "-Onone";
			};
			name = Debug;
		};
		33BE14E52A0AF8730079AB33 /* Release */ = {
			isa = XCBuildConfiguration;
			buildSettings = {
				ALWAYS_SEARCH_USER_PATHS = NO;
				CLANG_ANALYZER_NONNULL = YES;
				CLANG_ANALYZER_NUMBER_OBJECT_CONVERSION = YES_AGGRESSIVE;
				CLANG_CXX_LANGUAGE_STANDARD = "gnu++20";
				CLANG_ENABLE_MODULES = YES;
				CLANG_ENABLE_OBJC_ARC = YES;
				CLANG_ENABLE_OBJC_WEAK = YES;
				CLANG_WARN_BLOCK_CAPTURE_AUTORELEASING = YES;
				CLANG_WARN_BOOL_CONVERSION = YES;
				CLANG_WARN_COMMA = YES;
				CLANG_WARN_CONSTANT_CONVERSION = YES;
				CLANG_WARN_DEPRECATED_OBJC_IMPLEMENTATIONS = YES;
				CLANG_WARN_DIRECT_OBJC_ISA_USAGE = YES_ERROR;
				CLANG_WARN_DOCUMENTATION_COMMENTS = YES;
				CLANG_WARN_EMPTY_BODY = YES;
				CLANG_WARN_ENUM_CONVERSION = YES;
				CLANG_WARN_INFINITE_RECURSION = YES;
				CLANG_WARN_INT_CONVERSION = YES;
				CLANG_WARN_NON_LITERAL_NULL_CONVERSION = YES;
				CLANG_WARN_OBJC_IMPLICIT_RETAIN_SELF = YES;
				CLANG_WARN_OBJC_LITERAL_CONVERSION = YES;
				CLANG_WARN_OBJC_ROOT_CLASS = YES_ERROR;
				CLANG_WARN_QUOTED_INCLUDE_IN_FRAMEWORK_HEADER = YES;
				CLANG_WARN_RANGE_LOOP_ANALYSIS = YES;
				CLANG_WARN_STRICT_PROTOTYPES = YES;
				CLANG_WARN_SUSPICIOUS_MOVE = YES;
				CLANG_WARN_UNGUARDED_AVAILABILITY = YES_AGGRESSIVE;
				CLANG_WARN_UNREACHABLE_CODE = YES;
				CLANG_WARN__DUPLICATE_METHOD_MATCH = YES;
				COPY_PHASE_STRIP = NO;
				DEBUG_INFORMATION_FORMAT = "dwarf-with-dsym";
				ENABLE_NS_ASSERTIONS = NO;
				ENABLE_STRICT_OBJC_MSGSEND = YES;
				GCC_C_LANGUAGE_STANDARD = gnu11;
				GCC_NO_COMMON_BLOCKS = YES;
				GCC_WARN_64_TO_32_BIT_CONVERSION = YES;
				GCC_WARN_ABOUT_RETURN_TYPE = YES_ERROR;
				GCC_WARN_UNDECLARED_SELECTOR = YES;
				GCC_WARN_UNINITIALIZED_AUTOS = YES_AGGRESSIVE;
				GCC_WARN_UNUSED_FUNCTION = YES;
				GCC_WARN_UNUSED_VARIABLE = YES;
				IPHONEOS_DEPLOYMENT_TARGET = 16.4;
				MTL_ENABLE_DEBUG_INFO = NO;
				MTL_FAST_MATH = YES;
				SDKROOT = iphoneos;
				SWIFT_COMPILATION_MODE = wholemodule;
				SWIFT_OPTIMIZATION_LEVEL = "-O";
				VALIDATE_PRODUCT = YES;
			};
			name = Release;
		};
		33BE14E72A0AF8730079AB33 /* Debug */ = {
			isa = XCBuildConfiguration;
			buildSettings = {
				ASSETCATALOG_COMPILER_APPICON_NAME = AppIcon;
				ASSETCATALOG_COMPILER_GLOBAL_ACCENT_COLOR_NAME = AccentColor;
				CODE_SIGN_STYLE = Automatic;
				CURRENT_PROJECT_VERSION = 1;
				DEVELOPMENT_TEAM = HJ943JVKX7;
				GENERATE_INFOPLIST_FILE = YES;
				INFOPLIST_FILE = Alarm/Info.plist;
				INFOPLIST_KEY_UIApplicationSupportsIndirectInputEvents = YES;
				INFOPLIST_KEY_UILaunchStoryboardName = LaunchScreen;
				INFOPLIST_KEY_UIMainStoryboardFile = Main;
				INFOPLIST_KEY_UISupportedInterfaceOrientations_iPad = "UIInterfaceOrientationPortrait UIInterfaceOrientationPortraitUpsideDown UIInterfaceOrientationLandscapeLeft UIInterfaceOrientationLandscapeRight";
				INFOPLIST_KEY_UISupportedInterfaceOrientations_iPhone = "UIInterfaceOrientationPortrait UIInterfaceOrientationLandscapeLeft UIInterfaceOrientationLandscapeRight";
				LD_RUNPATH_SEARCH_PATHS = (
					"$(inherited)",
					"@executable_path/Frameworks",
				);
				MARKETING_VERSION = 1.0;
				PRODUCT_BUNDLE_IDENTIFIER = oasis444.Alarm;
				PRODUCT_NAME = "$(TARGET_NAME)";
				SUPPORTED_PLATFORMS = "iphoneos iphonesimulator";
				SUPPORTS_MACCATALYST = NO;
				SUPPORTS_MAC_DESIGNED_FOR_IPHONE_IPAD = NO;
				SWIFT_EMIT_LOC_STRINGS = YES;
				SWIFT_VERSION = 5.0;
				TARGETED_DEVICE_FAMILY = 1;
			};
			name = Debug;
		};
		33BE14E82A0AF8730079AB33 /* Release */ = {
			isa = XCBuildConfiguration;
			buildSettings = {
				ASSETCATALOG_COMPILER_APPICON_NAME = AppIcon;
				ASSETCATALOG_COMPILER_GLOBAL_ACCENT_COLOR_NAME = AccentColor;
				CODE_SIGN_STYLE = Automatic;
				CURRENT_PROJECT_VERSION = 1;
				DEVELOPMENT_TEAM = HJ943JVKX7;
				GENERATE_INFOPLIST_FILE = YES;
				INFOPLIST_FILE = Alarm/Info.plist;
				INFOPLIST_KEY_UIApplicationSupportsIndirectInputEvents = YES;
				INFOPLIST_KEY_UILaunchStoryboardName = LaunchScreen;
				INFOPLIST_KEY_UIMainStoryboardFile = Main;
				INFOPLIST_KEY_UISupportedInterfaceOrientations_iPad = "UIInterfaceOrientationPortrait UIInterfaceOrientationPortraitUpsideDown UIInterfaceOrientationLandscapeLeft UIInterfaceOrientationLandscapeRight";
				INFOPLIST_KEY_UISupportedInterfaceOrientations_iPhone = "UIInterfaceOrientationPortrait UIInterfaceOrientationLandscapeLeft UIInterfaceOrientationLandscapeRight";
				LD_RUNPATH_SEARCH_PATHS = (
					"$(inherited)",
					"@executable_path/Frameworks",
				);
				MARKETING_VERSION = 1.0;
				PRODUCT_BUNDLE_IDENTIFIER = oasis444.Alarm;
				PRODUCT_NAME = "$(TARGET_NAME)";
				SUPPORTED_PLATFORMS = "iphoneos iphonesimulator";
				SUPPORTS_MACCATALYST = NO;
				SUPPORTS_MAC_DESIGNED_FOR_IPHONE_IPAD = NO;
				SWIFT_EMIT_LOC_STRINGS = YES;
				SWIFT_VERSION = 5.0;
				TARGETED_DEVICE_FAMILY = 1;
			};
			name = Release;
		};
/* End XCBuildConfiguration section */

/* Begin XCConfigurationList section */
		33BE14CD2A0AF8720079AB33 /* Build configuration list for PBXProject "Alarm" */ = {
			isa = XCConfigurationList;
			buildConfigurations = (
				33BE14E42A0AF8730079AB33 /* Debug */,
				33BE14E52A0AF8730079AB33 /* Release */,
			);
			defaultConfigurationIsVisible = 0;
			defaultConfigurationName = Release;
		};
		33BE14E62A0AF8730079AB33 /* Build configuration list for PBXNativeTarget "Alarm" */ = {
			isa = XCConfigurationList;
			buildConfigurations = (
				33BE14E72A0AF8730079AB33 /* Debug */,
				33BE14E82A0AF8730079AB33 /* Release */,
			);
			defaultConfigurationIsVisible = 0;
			defaultConfigurationName = Release;
		};
/* End XCConfigurationList section */
	};
	rootObject = 33BE14CA2A0AF8720079AB33 /* Project object */;
}
